PODS:
  - Flutter (1.0.0)
  - pencil_kit (0.0.1):
    - Flutter

DEPENDENCIES:
  - Flutter (from `Flutter`)
  - pencil_kit (from `.symlinks/plugins/pencil_kit/ios`)

EXTERNAL SOURCES:
  Flutter:
    :path: Flutter
  pencil_kit:
    :path: ".symlinks/plugins/pencil_kit/ios"

SPEC CHECKSUMS:
  Flutter: e0871f40cf51350855a761d2e70bf5af5b9b5de7
  pencil_kit: 97b56e7e011e7bddd920311849a2105c4b0b7923

PODFILE CHECKSUM: c4c93c5f6502fe2754f48404d3594bf779584011

COCOAPODS: 1.13.0
